
Microsoft Visual Studio Solution File, Format Version 12.00
# Visual Studio Version 17
VisualStudioVersion = 17.11.35312.102
MinimumVisualStudioVersion = 10.0.40219.1
Project("{9A19103F-16F7-4668-BE54-9A1E7A4F7556}") = "PDFMetadataExtraction", "PDFMetadataExtraction\PDFMetadataExtraction.csproj", "{17AEE3C0-20D2-466C-B2AF-916BE4641978}"
EndProject
Project("{9A19103F-16F7-4668-BE54-9A1E7A4F7556}") = "PDFMetadata.Core", "PDFMetadata.Core\PDFMetadata.Core.csproj", "{6A969D32-2C9B-4C2F-B9F7-27AED796A195}"
EndProject
Project("{9A19103F-16F7-4668-BE54-9A1E7A4F7556}") = "PDFMetadata.Application", "PDFMetadata.Application\PDFMetadata.Application.csproj", "{0EB75E5C-B564-42BF-BD41-AF1CE2339CE7}"
EndProject
Project("{9A19103F-16F7-4668-BE54-9A1E7A4F7556}") = "PDFMetadata.Shared", "PDFMetadata.Shared\PDFMetadata.Shared.csproj", "{4DD86F11-0775-473F-BBE6-9DE99977AC0D}"
EndProject
Project("{FAE04EC0-301F-11D3-BF4B-00C04F79EFBC}") = "PDFMetadataMVC", "PDFMetadataMVC\PDFMetadataMVC.csproj", "{C3DA5B46-4D38-4E00-85A6-91B349EB8DBA}"
EndProject
Global
	GlobalSection(SolutionConfigurationPlatforms) = preSolution
		Debug|Any CPU = Debug|Any CPU
		Release|Any CPU = Release|Any CPU
	EndGlobalSection
	GlobalSection(ProjectConfigurationPlatforms) = postSolution
		{17AEE3C0-20D2-466C-B2AF-916BE4641978}.Debug|Any CPU.ActiveCfg = Debug|Any CPU
		{17AEE3C0-20D2-466C-B2AF-916BE4641978}.Debug|Any CPU.Build.0 = Debug|Any CPU
		{17AEE3C0-20D2-466C-B2AF-916BE4641978}.Release|Any CPU.ActiveCfg = Release|Any CPU
		{17AEE3C0-20D2-466C-B2AF-916BE4641978}.Release|Any CPU.Build.0 = Release|Any CPU
		{6A969D32-2C9B-4C2F-B9F7-27AED796A195}.Debug|Any CPU.ActiveCfg = Debug|Any CPU
		{6A969D32-2C9B-4C2F-B9F7-27AED796A195}.Debug|Any CPU.Build.0 = Debug|Any CPU
		{6A969D32-2C9B-4C2F-B9F7-27AED796A195}.Release|Any CPU.ActiveCfg = Release|Any CPU
		{6A969D32-2C9B-4C2F-B9F7-27AED796A195}.Release|Any CPU.Build.0 = Release|Any CPU
		{0EB75E5C-B564-42BF-BD41-AF1CE2339CE7}.Debug|Any CPU.ActiveCfg = Debug|Any CPU
		{0EB75E5C-B564-42BF-BD41-AF1CE2339CE7}.Debug|Any CPU.Build.0 = Debug|Any CPU
		{0EB75E5C-B564-42BF-BD41-AF1CE2339CE7}.Release|Any CPU.ActiveCfg = Release|Any CPU
		{0EB75E5C-B564-42BF-BD41-AF1CE2339CE7}.Release|Any CPU.Build.0 = Release|Any CPU
		{4DD86F11-0775-473F-BBE6-9DE99977AC0D}.Debug|Any CPU.ActiveCfg = Debug|Any CPU
		{4DD86F11-0775-473F-BBE6-9DE99977AC0D}.Debug|Any CPU.Build.0 = Debug|Any CPU
		{4DD86F11-0775-473F-BBE6-9DE99977AC0D}.Release|Any CPU.ActiveCfg = Release|Any CPU
		{4DD86F11-0775-473F-BBE6-9DE99977AC0D}.Release|Any CPU.Build.0 = Release|Any CPU
		{C3DA5B46-4D38-4E00-85A6-91B349EB8DBA}.Debug|Any CPU.ActiveCfg = Debug|Any CPU
		{C3DA5B46-4D38-4E00-85A6-91B349EB8DBA}.Debug|Any CPU.Build.0 = Debug|Any CPU
		{C3DA5B46-4D38-4E00-85A6-91B349EB8DBA}.Release|Any CPU.ActiveCfg = Release|Any CPU
		{C3DA5B46-4D38-4E00-85A6-91B349EB8DBA}.Release|Any CPU.Build.0 = Release|Any CPU
	EndGlobalSection
	GlobalSection(SolutionProperties) = preSolution
		HideSolutionNode = FALSE
	EndGlobalSection
	GlobalSection(ExtensibilityGlobals) = postSolution
		SolutionGuid = {4F95EBFF-C5C2-4917-8199-C1297360620A}
	EndGlobalSection
EndGlobal
